
Microsoft Visual Studio Solution File, Format Version 12.00
# Visual Studio Version 17
VisualStudioVersion = 17.13.35931.197
MinimumVisualStudioVersion = 10.0.40219.1
Project("{2150E333-8FDC-42A3-9474-1A3956D46DE8}") = "Services", "Services", "{02EA681E-C7D8-13C7-8484-4AC65E1B71E8}"
EndProject
Project("{2150E333-8FDC-42A3-9474-1A3956D46DE8}") = "Catalog", "Catalog", "{87A1056D-0613-4B7E-B7ED-66B81CA618E8}"
EndProject
Project("{FAE04EC0-301F-11D3-BF4B-00C04F79EFBC}") = "Catalog.API", "Services\Catalog\Catalog.API\Catalog.API.csproj", "{83768D56-2207-4765-9600-843BE0EA1DC1}"
EndProject
Project("{2150E333-8FDC-42A3-9474-1A3956D46DE8}") = "BuildingBlocks", "BuildingBlocks", "{8FDE2D39-D6E1-4401-BB86-C169554AA578}"
EndProject
Project("{FAE04EC0-301F-11D3-BF4B-00C04F79EFBC}") = "BuildingBlocks", "BuildingBlocks\BuildingBlocks\BuildingBlocks.csproj", "{2E0DE553-976E-44E7-A9F6-5E178143B370}"
EndProject
Project("{E53339B2-1760-4266-BCC7-CA923CBCF16C}") = "docker-compose", "docker-compose.dcproj", "{81DDED9D-158B-E303-5F62-77A2896D2A5A}"
EndProject
Global
	GlobalSection(SolutionConfigurationPlatforms) = preSolution
		Debug|Any CPU = Debug|Any CPU
		Release|Any CPU = Release|Any CPU
	EndGlobalSection
	GlobalSection(ProjectConfigurationPlatforms) = postSolution
		{83768D56-2207-4765-9600-843BE0EA1DC1}.Debug|Any CPU.ActiveCfg = Debug|Any CPU
		{83768D56-2207-4765-9600-843BE0EA1DC1}.Debug|Any CPU.Build.0 = Debug|Any CPU
		{83768D56-2207-4765-9600-843BE0EA1DC1}.Release|Any CPU.ActiveCfg = Release|Any CPU
		{83768D56-2207-4765-9600-843BE0EA1DC1}.Release|Any CPU.Build.0 = Release|Any CPU
		{2E0DE553-976E-44E7-A9F6-5E178143B370}.Debug|Any CPU.ActiveCfg = Debug|Any CPU
		{2E0DE553-976E-44E7-A9F6-5E178143B370}.Debug|Any CPU.Build.0 = Debug|Any CPU
		{2E0DE553-976E-44E7-A9F6-5E178143B370}.Release|Any CPU.ActiveCfg = Release|Any CPU
		{2E0DE553-976E-44E7-A9F6-5E178143B370}.Release|Any CPU.Build.0 = Release|Any CPU
		{81DDED9D-158B-E303-5F62-77A2896D2A5A}.Debug|Any CPU.ActiveCfg = Debug|Any CPU
		{81DDED9D-158B-E303-5F62-77A2896D2A5A}.Debug|Any CPU.Build.0 = Debug|Any CPU
		{81DDED9D-158B-E303-5F62-77A2896D2A5A}.Release|Any CPU.ActiveCfg = Release|Any CPU
		{81DDED9D-158B-E303-5F62-77A2896D2A5A}.Release|Any CPU.Build.0 = Release|Any CPU
	EndGlobalSection
	GlobalSection(SolutionProperties) = preSolution
		HideSolutionNode = FALSE
	EndGlobalSection
	GlobalSection(NestedProjects) = preSolution
		{87A1056D-0613-4B7E-B7ED-66B81CA618E8} = {02EA681E-C7D8-13C7-8484-4AC65E1B71E8}
		{83768D56-2207-4765-9600-843BE0EA1DC1} = {87A1056D-0613-4B7E-B7ED-66B81CA618E8}
		{2E0DE553-976E-44E7-A9F6-5E178143B370} = {8FDE2D39-D6E1-4401-BB86-C169554AA578}
	EndGlobalSection
	GlobalSection(ExtensibilityGlobals) = postSolution
		SolutionGuid = {7490322B-643E-4AF0-ADFD-2F1E344F2FC7}
	EndGlobalSection
EndGlobal
